
Microsoft Visual Studio Solution File, Format Version 12.00
# Visual Studio Version 16
VisualStudioVersion = 16.0.30503.244
MinimumVisualStudioVersion = 10.0.40219.1
Project("{FAE04EC0-301F-11D3-BF4B-00C04F79EFBC}") = "Форму рекусрии 1", "Форму рекусрии 1\Форму рекусрии 1.csproj", "{962677A6-FCCD-49DB-A765-D16186F71844}"
EndProject
Global
	GlobalSection(SolutionConfigurationPlatforms) = preSolution
		Debug|Any CPU = Debug|Any CPU
		Release|Any CPU = Release|Any CPU
	EndGlobalSection
	GlobalSection(ProjectConfigurationPlatforms) = postSolution
		{962677A6-FCCD-49DB-A765-D16186F71844}.Debug|Any CPU.ActiveCfg = Debug|Any CPU
		{962677A6-FCCD-49DB-A765-D16186F71844}.Debug|Any CPU.Build.0 = Debug|Any CPU
		{962677A6-FCCD-49DB-A765-D16186F71844}.Release|Any CPU.ActiveCfg = Release|Any CPU
		{962677A6-FCCD-49DB-A765-D16186F71844}.Release|Any CPU.Build.0 = Release|Any CPU
	EndGlobalSection
	GlobalSection(SolutionProperties) = preSolution
		HideSolutionNode = FALSE
	EndGlobalSection
	GlobalSection(ExtensibilityGlobals) = postSolution
		SolutionGuid = {0B62990F-F181-4B1E-BC52-29CF0B8788AC}
	EndGlobalSection
EndGlobal
