
Microsoft Visual Studio Solution File, Format Version 12.00
# Visual Studio Version 16
VisualStudioVersion = 16.0.30503.244
MinimumVisualStudioVersion = 10.0.40219.1
Project("{FAE04EC0-301F-11D3-BF4B-00C04F79EFBC}") = "Форма рекурсии 2", "Форма рекурсии 2\Форма рекурсии 2.csproj", "{D6500381-955C-4981-9496-2720FB550FC7}"
EndProject
Global
	GlobalSection(SolutionConfigurationPlatforms) = preSolution
		Debug|Any CPU = Debug|Any CPU
		Release|Any CPU = Release|Any CPU
	EndGlobalSection
	GlobalSection(ProjectConfigurationPlatforms) = postSolution
		{D6500381-955C-4981-9496-2720FB550FC7}.Debug|Any CPU.ActiveCfg = Debug|Any CPU
		{D6500381-955C-4981-9496-2720FB550FC7}.Debug|Any CPU.Build.0 = Debug|Any CPU
		{D6500381-955C-4981-9496-2720FB550FC7}.Release|Any CPU.ActiveCfg = Release|Any CPU
		{D6500381-955C-4981-9496-2720FB550FC7}.Release|Any CPU.Build.0 = Release|Any CPU
	EndGlobalSection
	GlobalSection(SolutionProperties) = preSolution
		HideSolutionNode = FALSE
	EndGlobalSection
	GlobalSection(ExtensibilityGlobals) = postSolution
		SolutionGuid = {99309A67-AEAE-4F00-A54C-F772A21012A2}
	EndGlobalSection
EndGlobal
